
Microsoft Visual Studio Solution File, Format Version 12.00
# Visual Studio Version 17
VisualStudioVersion = 17.10.35004.147
MinimumVisualStudioVersion = 10.0.40219.1
Project("{9A19103F-16F7-4668-BE54-9A1E7A4F7556}") = "BeatSaberIndependentMapsManager", "BeatSaberIndependentMapsManager.csproj", "{4F8D3E96-DDBE-4EB1-8ACA-0B4D8D9ABF3D}"
EndProject
Project("{FAE04EC0-301F-11D3-BF4B-00C04F79EFBC}") = "BSIMM.Avalonia", "BSIMM.Avalonia\BSIMM.Avalonia.csproj", "{C8B9AC94-4669-4CB2-8256-27EBA3B1955C}"
EndProject
Project("{FAE04EC0-301F-11D3-BF4B-00C04F79EFBC}") = "BSIMM.Core", "BSIMM.Core\BSIMM.Core.csproj", "{11C8A739-A82E-48FD-B092-D7383DA35D09}"
EndProject
Project("{2150E333-8FDC-42A3-9474-1A3956D46DE8}") = "libs", "libs", "{6C4D298B-81FB-2B6B-5AB6-46205EDDC72C}"
EndProject
Project("{2150E333-8FDC-42A3-9474-1A3956D46DE8}") = "BeatSpiderSharp", "BeatSpiderSharp", "{429C8EAD-F554-6D4C-77F3-A1428D3519EE}"
EndProject
Project("{2150E333-8FDC-42A3-9474-1A3956D46DE8}") = "Libs", "Libs", "{6841C87B-5A21-DC2A-43CB-9BD52A5755AF}"
EndProject
Project("{FAE04EC0-301F-11D3-BF4B-00C04F79EFBC}") = "BeatSpiderSharp.Core", "libs\BeatSpiderSharp\Libs\BeatSpiderSharp.Core\BeatSpiderSharp.Core.csproj", "{0B821BCF-B64A-4546-AE2A-76926D55714F}"
EndProject
Project("{FAE04EC0-301F-11D3-BF4B-00C04F79EFBC}") = "BeatSpiderSharp.Extensions", "libs\BeatSpiderSharp\Libs\BeatSpiderSharp.Extensions\BeatSpiderSharp.Extensions.csproj", "{5898A3EA-9861-49F8-A43C-CCE238F5ECD0}"
EndProject
Project("{FAE04EC0-301F-11D3-BF4B-00C04F79EFBC}") = "BeatSpiderSharp.Legacy", "libs\BeatSpiderSharp\Libs\BeatSpiderSharp.Legacy\BeatSpiderSharp.Legacy.csproj", "{2849E994-DE37-417A-8303-FC37BFBB0375}"
EndProject
Project("{FAE04EC0-301F-11D3-BF4B-00C04F79EFBC}") = "BeatSpiderSharp.Models", "libs\BeatSpiderSharp\Libs\BeatSpiderSharp.Models\BeatSpiderSharp.Models.csproj", "{988DDA63-372C-476B-87DF-848D3EE2F34D}"
EndProject
Project("{FAE04EC0-301F-11D3-BF4B-00C04F79EFBC}") = "BeatSpiderSharp.Shared", "libs\BeatSpiderSharp\Libs\BeatSpiderSharp.Shared\BeatSpiderSharp.Shared.csproj", "{E8E49015-DE8B-431A-8CED-4A5D4EBF930F}"
EndProject
Global
	GlobalSection(SolutionConfigurationPlatforms) = preSolution
		Debug|Any CPU = Debug|Any CPU
		Debug|x64 = Debug|x64
		Debug|x86 = Debug|x86
		Release|Any CPU = Release|Any CPU
		Release|x64 = Release|x64
		Release|x86 = Release|x86
	EndGlobalSection
	GlobalSection(ProjectConfigurationPlatforms) = postSolution
		{4F8D3E96-DDBE-4EB1-8ACA-0B4D8D9ABF3D}.Debug|Any CPU.ActiveCfg = Debug|Any CPU
		{4F8D3E96-DDBE-4EB1-8ACA-0B4D8D9ABF3D}.Debug|Any CPU.Build.0 = Debug|Any CPU
		{4F8D3E96-DDBE-4EB1-8ACA-0B4D8D9ABF3D}.Debug|x64.ActiveCfg = Debug|Any CPU
		{4F8D3E96-DDBE-4EB1-8ACA-0B4D8D9ABF3D}.Debug|x64.Build.0 = Debug|Any CPU
		{4F8D3E96-DDBE-4EB1-8ACA-0B4D8D9ABF3D}.Debug|x86.ActiveCfg = Debug|Any CPU
		{4F8D3E96-DDBE-4EB1-8ACA-0B4D8D9ABF3D}.Debug|x86.Build.0 = Debug|Any CPU
		{4F8D3E96-DDBE-4EB1-8ACA-0B4D8D9ABF3D}.Release|Any CPU.ActiveCfg = Release|Any CPU
		{4F8D3E96-DDBE-4EB1-8ACA-0B4D8D9ABF3D}.Release|Any CPU.Build.0 = Release|Any CPU
		{4F8D3E96-DDBE-4EB1-8ACA-0B4D8D9ABF3D}.Release|x64.ActiveCfg = Release|Any CPU
		{4F8D3E96-DDBE-4EB1-8ACA-0B4D8D9ABF3D}.Release|x64.Build.0 = Release|Any CPU
		{4F8D3E96-DDBE-4EB1-8ACA-0B4D8D9ABF3D}.Release|x86.ActiveCfg = Release|Any CPU
		{4F8D3E96-DDBE-4EB1-8ACA-0B4D8D9ABF3D}.Release|x86.Build.0 = Release|Any CPU
		{C8B9AC94-4669-4CB2-8256-27EBA3B1955C}.Debug|Any CPU.ActiveCfg = Debug|Any CPU
		{C8B9AC94-4669-4CB2-8256-27EBA3B1955C}.Debug|Any CPU.Build.0 = Debug|Any CPU
		{C8B9AC94-4669-4CB2-8256-27EBA3B1955C}.Debug|x64.ActiveCfg = Debug|Any CPU
		{C8B9AC94-4669-4CB2-8256-27EBA3B1955C}.Debug|x64.Build.0 = Debug|Any CPU
		{C8B9AC94-4669-4CB2-8256-27EBA3B1955C}.Debug|x86.ActiveCfg = Debug|Any CPU
		{C8B9AC94-4669-4CB2-8256-27EBA3B1955C}.Debug|x86.Build.0 = Debug|Any CPU
		{C8B9AC94-4669-4CB2-8256-27EBA3B1955C}.Release|Any CPU.ActiveCfg = Release|Any CPU
		{C8B9AC94-4669-4CB2-8256-27EBA3B1955C}.Release|Any CPU.Build.0 = Release|Any CPU
		{C8B9AC94-4669-4CB2-8256-27EBA3B1955C}.Release|x64.ActiveCfg = Release|Any CPU
		{C8B9AC94-4669-4CB2-8256-27EBA3B1955C}.Release|x64.Build.0 = Release|Any CPU
		{C8B9AC94-4669-4CB2-8256-27EBA3B1955C}.Release|x86.ActiveCfg = Release|Any CPU
		{C8B9AC94-4669-4CB2-8256-27EBA3B1955C}.Release|x86.Build.0 = Release|Any CPU
		{11C8A739-A82E-48FD-B092-D7383DA35D09}.Debug|Any CPU.ActiveCfg = Debug|Any CPU
		{11C8A739-A82E-48FD-B092-D7383DA35D09}.Debug|Any CPU.Build.0 = Debug|Any CPU
		{11C8A739-A82E-48FD-B092-D7383DA35D09}.Debug|x64.ActiveCfg = Debug|Any CPU
		{11C8A739-A82E-48FD-B092-D7383DA35D09}.Debug|x64.Build.0 = Debug|Any CPU
		{11C8A739-A82E-48FD-B092-D7383DA35D09}.Debug|x86.ActiveCfg = Debug|Any CPU
		{11C8A739-A82E-48FD-B092-D7383DA35D09}.Debug|x86.Build.0 = Debug|Any CPU
		{11C8A739-A82E-48FD-B092-D7383DA35D09}.Release|Any CPU.ActiveCfg = Release|Any CPU
		{11C8A739-A82E-48FD-B092-D7383DA35D09}.Release|Any CPU.Build.0 = Release|Any CPU
		{11C8A739-A82E-48FD-B092-D7383DA35D09}.Release|x64.ActiveCfg = Release|Any CPU
		{11C8A739-A82E-48FD-B092-D7383DA35D09}.Release|x64.Build.0 = Release|Any CPU
		{11C8A739-A82E-48FD-B092-D7383DA35D09}.Release|x86.ActiveCfg = Release|Any CPU
		{11C8A739-A82E-48FD-B092-D7383DA35D09}.Release|x86.Build.0 = Release|Any CPU
		{0B821BCF-B64A-4546-AE2A-76926D55714F}.Debug|Any CPU.ActiveCfg = Debug|Any CPU
		{0B821BCF-B64A-4546-AE2A-76926D55714F}.Debug|Any CPU.Build.0 = Debug|Any CPU
		{0B821BCF-B64A-4546-AE2A-76926D55714F}.Debug|x64.ActiveCfg = Debug|Any CPU
		{0B821BCF-B64A-4546-AE2A-76926D55714F}.Debug|x64.Build.0 = Debug|Any CPU
		{0B821BCF-B64A-4546-AE2A-76926D55714F}.Debug|x86.ActiveCfg = Debug|Any CPU
		{0B821BCF-B64A-4546-AE2A-76926D55714F}.Debug|x86.Build.0 = Debug|Any CPU
		{0B821BCF-B64A-4546-AE2A-76926D55714F}.Release|Any CPU.ActiveCfg = Release|Any CPU
		{0B821BCF-B64A-4546-AE2A-76926D55714F}.Release|Any CPU.Build.0 = Release|Any CPU
		{0B821BCF-B64A-4546-AE2A-76926D55714F}.Release|x64.ActiveCfg = Release|Any CPU
		{0B821BCF-B64A-4546-AE2A-76926D55714F}.Release|x64.Build.0 = Release|Any CPU
		{0B821BCF-B64A-4546-AE2A-76926D55714F}.Release|x86.ActiveCfg = Release|Any CPU
		{0B821BCF-B64A-4546-AE2A-76926D55714F}.Release|x86.Build.0 = Release|Any CPU
		{5898A3EA-9861-49F8-A43C-CCE238F5ECD0}.Debug|Any CPU.ActiveCfg = Debug|Any CPU
		{5898A3EA-9861-49F8-A43C-CCE238F5ECD0}.Debug|Any CPU.Build.0 = Debug|Any CPU
		{5898A3EA-9861-49F8-A43C-CCE238F5ECD0}.Debug|x64.ActiveCfg = Debug|Any CPU
		{5898A3EA-9861-49F8-A43C-CCE238F5ECD0}.Debug|x64.Build.0 = Debug|Any CPU
		{5898A3EA-9861-49F8-A43C-CCE238F5ECD0}.Debug|x86.ActiveCfg = Debug|Any CPU
		{5898A3EA-9861-49F8-A43C-CCE238F5ECD0}.Debug|x86.Build.0 = Debug|Any CPU
		{5898A3EA-9861-49F8-A43C-CCE238F5ECD0}.Release|Any CPU.ActiveCfg = Release|Any CPU
		{5898A3EA-9861-49F8-A43C-CCE238F5ECD0}.Release|Any CPU.Build.0 = Release|Any CPU
		{5898A3EA-9861-49F8-A43C-CCE238F5ECD0}.Release|x64.ActiveCfg = Release|Any CPU
		{5898A3EA-9861-49F8-A43C-CCE238F5ECD0}.Release|x64.Build.0 = Release|Any CPU
		{5898A3EA-9861-49F8-A43C-CCE238F5ECD0}.Release|x86.ActiveCfg = Release|Any CPU
		{5898A3EA-9861-49F8-A43C-CCE238F5ECD0}.Release|x86.Build.0 = Release|Any CPU
		{2849E994-DE37-417A-8303-FC37BFBB0375}.Debug|Any CPU.ActiveCfg = Debug|Any CPU
		{2849E994-DE37-417A-8303-FC37BFBB0375}.Debug|Any CPU.Build.0 = Debug|Any CPU
		{2849E994-DE37-417A-8303-FC37BFBB0375}.Debug|x64.ActiveCfg = Debug|Any CPU
		{2849E994-DE37-417A-8303-FC37BFBB0375}.Debug|x64.Build.0 = Debug|Any CPU
		{2849E994-DE37-417A-8303-FC37BFBB0375}.Debug|x86.ActiveCfg = Debug|Any CPU
		{2849E994-DE37-417A-8303-FC37BFBB0375}.Debug|x86.Build.0 = Debug|Any CPU
		{2849E994-DE37-417A-8303-FC37BFBB0375}.Release|Any CPU.ActiveCfg = Release|Any CPU
		{2849E994-DE37-417A-8303-FC37BFBB0375}.Release|Any CPU.Build.0 = Release|Any CPU
		{2849E994-DE37-417A-8303-FC37BFBB0375}.Release|x64.ActiveCfg = Release|Any CPU
		{2849E994-DE37-417A-8303-FC37BFBB0375}.Release|x64.Build.0 = Release|Any CPU
		{2849E994-DE37-417A-8303-FC37BFBB0375}.Release|x86.ActiveCfg = Release|Any CPU
		{2849E994-DE37-417A-8303-FC37BFBB0375}.Release|x86.Build.0 = Release|Any CPU
		{988DDA63-372C-476B-87DF-848D3EE2F34D}.Debug|Any CPU.ActiveCfg = Debug|Any CPU
		{988DDA63-372C-476B-87DF-848D3EE2F34D}.Debug|Any CPU.Build.0 = Debug|Any CPU
		{988DDA63-372C-476B-87DF-848D3EE2F34D}.Debug|x64.ActiveCfg = Debug|Any CPU
		{988DDA63-372C-476B-87DF-848D3EE2F34D}.Debug|x64.Build.0 = Debug|Any CPU
		{988DDA63-372C-476B-87DF-848D3EE2F34D}.Debug|x86.ActiveCfg = Debug|Any CPU
		{988DDA63-372C-476B-87DF-848D3EE2F34D}.Debug|x86.Build.0 = Debug|Any CPU
		{988DDA63-372C-476B-87DF-848D3EE2F34D}.Release|Any CPU.ActiveCfg = Release|Any CPU
		{988DDA63-372C-476B-87DF-848D3EE2F34D}.Release|Any CPU.Build.0 = Release|Any CPU
		{988DDA63-372C-476B-87DF-848D3EE2F34D}.Release|x64.ActiveCfg = Release|Any CPU
		{988DDA63-372C-476B-87DF-848D3EE2F34D}.Release|x64.Build.0 = Release|Any CPU
		{988DDA63-372C-476B-87DF-848D3EE2F34D}.Release|x86.ActiveCfg = Release|Any CPU
		{988DDA63-372C-476B-87DF-848D3EE2F34D}.Release|x86.Build.0 = Release|Any CPU
		{E8E49015-DE8B-431A-8CED-4A5D4EBF930F}.Debug|Any CPU.ActiveCfg = Debug|Any CPU
		{E8E49015-DE8B-431A-8CED-4A5D4EBF930F}.Debug|Any CPU.Build.0 = Debug|Any CPU
		{E8E49015-DE8B-431A-8CED-4A5D4EBF930F}.Debug|x64.ActiveCfg = Debug|Any CPU
		{E8E49015-DE8B-431A-8CED-4A5D4EBF930F}.Debug|x64.Build.0 = Debug|Any CPU
		{E8E49015-DE8B-431A-8CED-4A5D4EBF930F}.Debug|x86.ActiveCfg = Debug|Any CPU
		{E8E49015-DE8B-431A-8CED-4A5D4EBF930F}.Debug|x86.Build.0 = Debug|Any CPU
		{E8E49015-DE8B-431A-8CED-4A5D4EBF930F}.Release|Any CPU.ActiveCfg = Release|Any CPU
		{E8E49015-DE8B-431A-8CED-4A5D4EBF930F}.Release|Any CPU.Build.0 = Release|Any CPU
		{E8E49015-DE8B-431A-8CED-4A5D4EBF930F}.Release|x64.ActiveCfg = Release|Any CPU
		{E8E49015-DE8B-431A-8CED-4A5D4EBF930F}.Release|x64.Build.0 = Release|Any CPU
		{E8E49015-DE8B-431A-8CED-4A5D4EBF930F}.Release|x86.ActiveCfg = Release|Any CPU
		{E8E49015-DE8B-431A-8CED-4A5D4EBF930F}.Release|x86.Build.0 = Release|Any CPU
	EndGlobalSection
	GlobalSection(SolutionProperties) = preSolution
		HideSolutionNode = FALSE
	EndGlobalSection
	GlobalSection(NestedProjects) = preSolution
		{429C8EAD-F554-6D4C-77F3-A1428D3519EE} = {6C4D298B-81FB-2B6B-5AB6-46205EDDC72C}
		{6841C87B-5A21-DC2A-43CB-9BD52A5755AF} = {429C8EAD-F554-6D4C-77F3-A1428D3519EE}
		{0B821BCF-B64A-4546-AE2A-76926D55714F} = {6841C87B-5A21-DC2A-43CB-9BD52A5755AF}
		{5898A3EA-9861-49F8-A43C-CCE238F5ECD0} = {6841C87B-5A21-DC2A-43CB-9BD52A5755AF}
		{2849E994-DE37-417A-8303-FC37BFBB0375} = {6841C87B-5A21-DC2A-43CB-9BD52A5755AF}
		{988DDA63-372C-476B-87DF-848D3EE2F34D} = {6841C87B-5A21-DC2A-43CB-9BD52A5755AF}
		{E8E49015-DE8B-431A-8CED-4A5D4EBF930F} = {6841C87B-5A21-DC2A-43CB-9BD52A5755AF}
	EndGlobalSection
	GlobalSection(ExtensibilityGlobals) = postSolution
		SolutionGuid = {AE97AA4A-D497-4D6A-8A9C-C0BD6199B53F}
	EndGlobalSection
EndGlobal
